
Microsoft Visual Studio Solution File, Format Version 12.00
# Visual Studio Version 17
VisualStudioVersion = 17.5.33516.290
MinimumVisualStudioVersion = 10.0.40219.1
Project("{9A19103F-16F7-4668-BE54-9A1E7A4F7556}") = "MediaInfo", "MediaInfo\MediaInfo.csproj", "{C36DEE18-5C63-4F44-B9A0-421A847756B6}"
EndProject
Project("{9A19103F-16F7-4668-BE54-9A1E7A4F7556}") = "MediaInfo.NetCoreWeb", "MediaInfo.NetCoreWeb\MediaInfo.NetCoreWeb.csproj", "{7DECC5AC-155B-4E6E-87D0-F1F4C078FABA}"
EndProject
Global
	GlobalSection(SolutionConfigurationPlatforms) = preSolution
		Debug|Any CPU = Debug|Any CPU
		Release|Any CPU = Release|Any CPU
	EndGlobalSection
	GlobalSection(ProjectConfigurationPlatforms) = postSolution
		{C36DEE18-5C63-4F44-B9A0-421A847756B6}.Debug|Any CPU.ActiveCfg = Debug|Any CPU
		{C36DEE18-5C63-4F44-B9A0-421A847756B6}.Debug|Any CPU.Build.0 = Debug|Any CPU
		{C36DEE18-5C63-4F44-B9A0-421A847756B6}.Release|Any CPU.ActiveCfg = Release|Any CPU
		{C36DEE18-5C63-4F44-B9A0-421A847756B6}.Release|Any CPU.Build.0 = Release|Any CPU
		{7DECC5AC-155B-4E6E-87D0-F1F4C078FABA}.Debug|Any CPU.ActiveCfg = Debug|Any CPU
		{7DECC5AC-155B-4E6E-87D0-F1F4C078FABA}.Debug|Any CPU.Build.0 = Debug|Any CPU
		{7DECC5AC-155B-4E6E-87D0-F1F4C078FABA}.Release|Any CPU.ActiveCfg = Release|Any CPU
		{7DECC5AC-155B-4E6E-87D0-F1F4C078FABA}.Release|Any CPU.Build.0 = Release|Any CPU
	EndGlobalSection
	GlobalSection(SolutionProperties) = preSolution
		HideSolutionNode = FALSE
	EndGlobalSection
	GlobalSection(ExtensibilityGlobals) = postSolution
		SolutionGuid = {30FA6D02-7AC9-45CA-91A6-F0023EE0AED7}
	EndGlobalSection
EndGlobal
